
Microsoft Visual Studio Solution File, Format Version 12.00
# Visual Studio Version 17
VisualStudioVersion = 17.0.31903.59
MinimumVisualStudioVersion = 10.0.40219.1
Project("{9A19103F-16F7-4668-BE54-9A1E7A4F7556}") = "DgSystems.PackageManager", "src\core\PackageManager\DgSystems.PackageManager.csproj", "{A49BC8DD-B5E4-4E70-B470-472AACDFD5ED}"
EndProject
Project("{2150E333-8FDC-42A3-9474-1A3956D46DE8}") = "src", "src", "{1B57BE6D-4AA1-47DF-855E-1FD738F32CBE}"
EndProject
Project("{2150E333-8FDC-42A3-9474-1A3956D46DE8}") = "test", "test", "{0D7F0F0E-73B1-432B-AAB0-1BDE899F05C0}"
EndProject
Project("{9A19103F-16F7-4668-BE54-9A1E7A4F7556}") = "DgSystems.PackageManagerUnitTests", "test\core\PackageManager\DgSystems.PackageManagerUnitTests.csproj", "{2A6E1E95-2FE4-4C64-B09C-802AFA893A77}"
EndProject
Project("{2150E333-8FDC-42A3-9474-1A3956D46DE8}") = "infrastructure", "infrastructure", "{98FDEBC4-36DD-44E5-8F0F-1824404C0316}"
EndProject
Project("{9A19103F-16F7-4668-BE54-9A1E7A4F7556}") = "DgSystems.Scoop", "src\infrastructure\DgSystems.Scoop\DgSystems.Scoop.csproj", "{89B5E825-CABE-48C7-B240-0804E8B3C1E8}"
EndProject
Project("{2150E333-8FDC-42A3-9474-1A3956D46DE8}") = "core", "core", "{70291B7F-A28B-4DB0-B39D-85C4E7B782C8}"
EndProject
Project("{2150E333-8FDC-42A3-9474-1A3956D46DE8}") = "core", "core", "{7315B483-2D08-4B79-8F7E-736A3627C2B5}"
EndProject
Project("{9A19103F-16F7-4668-BE54-9A1E7A4F7556}") = "DgSystems.ScoopUnitTests", "test\infrastructure\DgSystems.ScoopUnitTests\DgSystems.ScoopUnitTests.csproj", "{13C95116-C8E8-4AE4-A811-C74E4FBF2D80}"
EndProject
Project("{2150E333-8FDC-42A3-9474-1A3956D46DE8}") = "infrastructure", "infrastructure", "{1B2AFD33-21B5-4465-BAA7-7332C43B778C}"
EndProject
Project("{9A19103F-16F7-4668-BE54-9A1E7A4F7556}") = "DgSystems.PowerShell", "src\infrastructure\DgSystems.PowerShell\DgSystems.PowerShell.csproj", "{A6247333-6084-4AC4-A2DF-7768027B1744}"
EndProject
Project("{9A19103F-16F7-4668-BE54-9A1E7A4F7556}") = "DgSystems.Downloader", "src\infrastructure\DgSystems.Downloader\DgSystems.Downloader.csproj", "{E33A700D-762A-4ABD-A192-7CF9569C8617}"
EndProject
Project("{9A19103F-16F7-4668-BE54-9A1E7A4F7556}") = "DgSystems.DownloaderUnitTests", "test\infrastructure\DgSystems.DownloaderUnitTests\DgSystems.DownloaderUnitTests.csproj", "{CB6BE29A-8D88-474D-99D6-F90418711FD3}"
EndProject
Project("{9A19103F-16F7-4668-BE54-9A1E7A4F7556}") = "DgSystems.PowerShellUnitTests", "test\infrastructure\DgSystems.PowerShellUnitTests\DgSystems.PowerShellUnitTests.csproj", "{C1E865AA-8A7C-4B88-9461-EB1BCDBE37A6}"
EndProject
Project("{9A19103F-16F7-4668-BE54-9A1E7A4F7556}") = "DgSystems.PackageManager.WebAPI", "src\web\DgSystems.PackageManager.WebAPI\DgSystems.PackageManager.WebAPI.csproj", "{E2604A56-72EE-4FC2-9207-61EB10B352F9}"
EndProject
Project("{2150E333-8FDC-42A3-9474-1A3956D46DE8}") = "web", "web", "{DD4F0440-9FA5-4C7E-A2C9-4C61450B2FEB}"
EndProject
Project("{9A19103F-16F7-4668-BE54-9A1E7A4F7556}") = "DgSystems.PackageManager.Controllers", "src\adapters\DgSystems.PackageManager.Controllers\DgSystems.PackageManager.Controllers.csproj", "{914633EF-CC53-4C9F-A7AF-66EDDD8FA221}"
EndProject
Project("{2150E333-8FDC-42A3-9474-1A3956D46DE8}") = "adapters", "adapters", "{C63A82BF-59B7-4FF7-A8A6-41C9A8B02B45}"
EndProject
Project("{9A19103F-16F7-4668-BE54-9A1E7A4F7556}") = "DgSystems.PackageManager.Presenters", "src\web\DgSystems.PackageManager.Presenters\DgSystems.PackageManager.Presenters.csproj", "{E44FFD83-27CD-4E91-BE31-B41878825836}"
EndProject
Project("{2150E333-8FDC-42A3-9474-1A3956D46DE8}") = "adapters", "adapters", "{C2986860-6C32-4BA2-90EC-7ADC86187924}"
EndProject
Project("{9A19103F-16F7-4668-BE54-9A1E7A4F7556}") = "DgSystems.PackageManager.ControllersUnitTests", "test\adapters\DgSystems.PackageManager.Controllers\DgSystems.PackageManager.ControllersUnitTests.csproj", "{2D7073AD-BEE0-4F10-8731-0DFC8611F4D7}"
EndProject
Project("{9A19103F-16F7-4668-BE54-9A1E7A4F7556}") = "DgSystems.PackageManager.PresentersUnitTests", "test\web\DgSystems.PackageManager.Presenters\DgSystems.PackageManager.PresentersUnitTests.csproj", "{8BF6F356-D93B-48B1-9FB5-63F96AC351ED}"
EndProject
Project("{2150E333-8FDC-42A3-9474-1A3956D46DE8}") = "web", "web", "{7B7AF445-95A8-4831-82BF-B906D9981754}"
EndProject
Project("{FAE04EC0-301F-11D3-BF4B-00C04F79EFBC}") = "PackageManagerAcceptanceTests", "test\acceptance\PackageManagerAcceptanceTests\PackageManagerAcceptanceTests.csproj", "{F3A184AB-4EF1-40A3-9367-0A6F41190FD8}"
EndProject
Project("{2150E333-8FDC-42A3-9474-1A3956D46DE8}") = "acceptance", "acceptance", "{A52B703C-9791-4581-A8FB-C69F39D4585F}"
EndProject
Global
	GlobalSection(SolutionConfigurationPlatforms) = preSolution
		Debug|Any CPU = Debug|Any CPU
		Release|Any CPU = Release|Any CPU
	EndGlobalSection
	GlobalSection(ProjectConfigurationPlatforms) = postSolution
		{A49BC8DD-B5E4-4E70-B470-472AACDFD5ED}.Debug|Any CPU.ActiveCfg = Debug|Any CPU
		{A49BC8DD-B5E4-4E70-B470-472AACDFD5ED}.Debug|Any CPU.Build.0 = Debug|Any CPU
		{A49BC8DD-B5E4-4E70-B470-472AACDFD5ED}.Release|Any CPU.ActiveCfg = Release|Any CPU
		{A49BC8DD-B5E4-4E70-B470-472AACDFD5ED}.Release|Any CPU.Build.0 = Release|Any CPU
		{2A6E1E95-2FE4-4C64-B09C-802AFA893A77}.Debug|Any CPU.ActiveCfg = Debug|Any CPU
		{2A6E1E95-2FE4-4C64-B09C-802AFA893A77}.Debug|Any CPU.Build.0 = Debug|Any CPU
		{2A6E1E95-2FE4-4C64-B09C-802AFA893A77}.Release|Any CPU.ActiveCfg = Release|Any CPU
		{2A6E1E95-2FE4-4C64-B09C-802AFA893A77}.Release|Any CPU.Build.0 = Release|Any CPU
		{89B5E825-CABE-48C7-B240-0804E8B3C1E8}.Debug|Any CPU.ActiveCfg = Debug|Any CPU
		{89B5E825-CABE-48C7-B240-0804E8B3C1E8}.Debug|Any CPU.Build.0 = Debug|Any CPU
		{89B5E825-CABE-48C7-B240-0804E8B3C1E8}.Release|Any CPU.ActiveCfg = Release|Any CPU
		{89B5E825-CABE-48C7-B240-0804E8B3C1E8}.Release|Any CPU.Build.0 = Release|Any CPU
		{13C95116-C8E8-4AE4-A811-C74E4FBF2D80}.Debug|Any CPU.ActiveCfg = Debug|Any CPU
		{13C95116-C8E8-4AE4-A811-C74E4FBF2D80}.Debug|Any CPU.Build.0 = Debug|Any CPU
		{13C95116-C8E8-4AE4-A811-C74E4FBF2D80}.Release|Any CPU.ActiveCfg = Release|Any CPU
		{13C95116-C8E8-4AE4-A811-C74E4FBF2D80}.Release|Any CPU.Build.0 = Release|Any CPU
		{A6247333-6084-4AC4-A2DF-7768027B1744}.Debug|Any CPU.ActiveCfg = Debug|Any CPU
		{A6247333-6084-4AC4-A2DF-7768027B1744}.Debug|Any CPU.Build.0 = Debug|Any CPU
		{A6247333-6084-4AC4-A2DF-7768027B1744}.Release|Any CPU.ActiveCfg = Release|Any CPU
		{A6247333-6084-4AC4-A2DF-7768027B1744}.Release|Any CPU.Build.0 = Release|Any CPU
		{E33A700D-762A-4ABD-A192-7CF9569C8617}.Debug|Any CPU.ActiveCfg = Debug|Any CPU
		{E33A700D-762A-4ABD-A192-7CF9569C8617}.Debug|Any CPU.Build.0 = Debug|Any CPU
		{E33A700D-762A-4ABD-A192-7CF9569C8617}.Release|Any CPU.ActiveCfg = Release|Any CPU
		{E33A700D-762A-4ABD-A192-7CF9569C8617}.Release|Any CPU.Build.0 = Release|Any CPU
		{CB6BE29A-8D88-474D-99D6-F90418711FD3}.Debug|Any CPU.ActiveCfg = Debug|Any CPU
		{CB6BE29A-8D88-474D-99D6-F90418711FD3}.Debug|Any CPU.Build.0 = Debug|Any CPU
		{CB6BE29A-8D88-474D-99D6-F90418711FD3}.Release|Any CPU.ActiveCfg = Release|Any CPU
		{CB6BE29A-8D88-474D-99D6-F90418711FD3}.Release|Any CPU.Build.0 = Release|Any CPU
		{C1E865AA-8A7C-4B88-9461-EB1BCDBE37A6}.Debug|Any CPU.ActiveCfg = Debug|Any CPU
		{C1E865AA-8A7C-4B88-9461-EB1BCDBE37A6}.Debug|Any CPU.Build.0 = Debug|Any CPU
		{C1E865AA-8A7C-4B88-9461-EB1BCDBE37A6}.Release|Any CPU.ActiveCfg = Release|Any CPU
		{C1E865AA-8A7C-4B88-9461-EB1BCDBE37A6}.Release|Any CPU.Build.0 = Release|Any CPU
		{E2604A56-72EE-4FC2-9207-61EB10B352F9}.Debug|Any CPU.ActiveCfg = Debug|Any CPU
		{E2604A56-72EE-4FC2-9207-61EB10B352F9}.Debug|Any CPU.Build.0 = Debug|Any CPU
		{E2604A56-72EE-4FC2-9207-61EB10B352F9}.Release|Any CPU.ActiveCfg = Release|Any CPU
		{E2604A56-72EE-4FC2-9207-61EB10B352F9}.Release|Any CPU.Build.0 = Release|Any CPU
		{914633EF-CC53-4C9F-A7AF-66EDDD8FA221}.Debug|Any CPU.ActiveCfg = Debug|Any CPU
		{914633EF-CC53-4C9F-A7AF-66EDDD8FA221}.Debug|Any CPU.Build.0 = Debug|Any CPU
		{914633EF-CC53-4C9F-A7AF-66EDDD8FA221}.Release|Any CPU.ActiveCfg = Release|Any CPU
		{914633EF-CC53-4C9F-A7AF-66EDDD8FA221}.Release|Any CPU.Build.0 = Release|Any CPU
		{E44FFD83-27CD-4E91-BE31-B41878825836}.Debug|Any CPU.ActiveCfg = Debug|Any CPU
		{E44FFD83-27CD-4E91-BE31-B41878825836}.Debug|Any CPU.Build.0 = Debug|Any CPU
		{E44FFD83-27CD-4E91-BE31-B41878825836}.Release|Any CPU.ActiveCfg = Release|Any CPU
		{E44FFD83-27CD-4E91-BE31-B41878825836}.Release|Any CPU.Build.0 = Release|Any CPU
		{2D7073AD-BEE0-4F10-8731-0DFC8611F4D7}.Debug|Any CPU.ActiveCfg = Debug|Any CPU
		{2D7073AD-BEE0-4F10-8731-0DFC8611F4D7}.Debug|Any CPU.Build.0 = Debug|Any CPU
		{2D7073AD-BEE0-4F10-8731-0DFC8611F4D7}.Release|Any CPU.ActiveCfg = Release|Any CPU
		{2D7073AD-BEE0-4F10-8731-0DFC8611F4D7}.Release|Any CPU.Build.0 = Release|Any CPU
		{8BF6F356-D93B-48B1-9FB5-63F96AC351ED}.Debug|Any CPU.ActiveCfg = Debug|Any CPU
		{8BF6F356-D93B-48B1-9FB5-63F96AC351ED}.Debug|Any CPU.Build.0 = Debug|Any CPU
		{8BF6F356-D93B-48B1-9FB5-63F96AC351ED}.Release|Any CPU.ActiveCfg = Release|Any CPU
		{8BF6F356-D93B-48B1-9FB5-63F96AC351ED}.Release|Any CPU.Build.0 = Release|Any CPU
		{F3A184AB-4EF1-40A3-9367-0A6F41190FD8}.Debug|Any CPU.ActiveCfg = Debug|Any CPU
		{F3A184AB-4EF1-40A3-9367-0A6F41190FD8}.Debug|Any CPU.Build.0 = Debug|Any CPU
		{F3A184AB-4EF1-40A3-9367-0A6F41190FD8}.Release|Any CPU.ActiveCfg = Release|Any CPU
		{F3A184AB-4EF1-40A3-9367-0A6F41190FD8}.Release|Any CPU.Build.0 = Release|Any CPU
	EndGlobalSection
	GlobalSection(SolutionProperties) = preSolution
		HideSolutionNode = FALSE
	EndGlobalSection
	GlobalSection(NestedProjects) = preSolution
		{A49BC8DD-B5E4-4E70-B470-472AACDFD5ED} = {70291B7F-A28B-4DB0-B39D-85C4E7B782C8}
		{2A6E1E95-2FE4-4C64-B09C-802AFA893A77} = {7315B483-2D08-4B79-8F7E-736A3627C2B5}
		{98FDEBC4-36DD-44E5-8F0F-1824404C0316} = {1B57BE6D-4AA1-47DF-855E-1FD738F32CBE}
		{89B5E825-CABE-48C7-B240-0804E8B3C1E8} = {98FDEBC4-36DD-44E5-8F0F-1824404C0316}
		{70291B7F-A28B-4DB0-B39D-85C4E7B782C8} = {1B57BE6D-4AA1-47DF-855E-1FD738F32CBE}
		{7315B483-2D08-4B79-8F7E-736A3627C2B5} = {0D7F0F0E-73B1-432B-AAB0-1BDE899F05C0}
		{13C95116-C8E8-4AE4-A811-C74E4FBF2D80} = {1B2AFD33-21B5-4465-BAA7-7332C43B778C}
		{1B2AFD33-21B5-4465-BAA7-7332C43B778C} = {0D7F0F0E-73B1-432B-AAB0-1BDE899F05C0}
		{A6247333-6084-4AC4-A2DF-7768027B1744} = {98FDEBC4-36DD-44E5-8F0F-1824404C0316}
		{E33A700D-762A-4ABD-A192-7CF9569C8617} = {98FDEBC4-36DD-44E5-8F0F-1824404C0316}
		{CB6BE29A-8D88-474D-99D6-F90418711FD3} = {1B2AFD33-21B5-4465-BAA7-7332C43B778C}
		{C1E865AA-8A7C-4B88-9461-EB1BCDBE37A6} = {1B2AFD33-21B5-4465-BAA7-7332C43B778C}
		{E2604A56-72EE-4FC2-9207-61EB10B352F9} = {DD4F0440-9FA5-4C7E-A2C9-4C61450B2FEB}
		{DD4F0440-9FA5-4C7E-A2C9-4C61450B2FEB} = {1B57BE6D-4AA1-47DF-855E-1FD738F32CBE}
		{914633EF-CC53-4C9F-A7AF-66EDDD8FA221} = {C63A82BF-59B7-4FF7-A8A6-41C9A8B02B45}
		{C63A82BF-59B7-4FF7-A8A6-41C9A8B02B45} = {1B57BE6D-4AA1-47DF-855E-1FD738F32CBE}
		{E44FFD83-27CD-4E91-BE31-B41878825836} = {DD4F0440-9FA5-4C7E-A2C9-4C61450B2FEB}
		{C2986860-6C32-4BA2-90EC-7ADC86187924} = {0D7F0F0E-73B1-432B-AAB0-1BDE899F05C0}
		{2D7073AD-BEE0-4F10-8731-0DFC8611F4D7} = {C2986860-6C32-4BA2-90EC-7ADC86187924}
		{8BF6F356-D93B-48B1-9FB5-63F96AC351ED} = {7B7AF445-95A8-4831-82BF-B906D9981754}
		{7B7AF445-95A8-4831-82BF-B906D9981754} = {0D7F0F0E-73B1-432B-AAB0-1BDE899F05C0}
		{F3A184AB-4EF1-40A3-9367-0A6F41190FD8} = {A52B703C-9791-4581-A8FB-C69F39D4585F}
		{A52B703C-9791-4581-A8FB-C69F39D4585F} = {0D7F0F0E-73B1-432B-AAB0-1BDE899F05C0}
	EndGlobalSection
	GlobalSection(ExtensibilityGlobals) = postSolution
		SolutionGuid = {CD6A86CD-FBE0-4EB4-BFD6-5D889954240F}
	EndGlobalSection
EndGlobal
